
Microsoft Visual Studio Solution File, Format Version 12.00
# Visual Studio Version 17
VisualStudioVersion = 17.4.33110.190
MinimumVisualStudioVersion = 10.0.40219.1
Project("{9A19103F-16F7-4668-BE54-9A1E7A4F7556}") = "FOS.DB", "FOS.DB\FOS.DB.csproj", "{5A873791-CE33-4C1A-81A5-C6EE00841B06}"
EndProject
Project("{9A19103F-16F7-4668-BE54-9A1E7A4F7556}") = "FOS.Core", "FOS.Core\FOS.Core.csproj", "{6FCB8C07-0E8F-41F5-A11A-B275C002E20D}"
EndProject
Project("{9A19103F-16F7-4668-BE54-9A1E7A4F7556}") = "FOS.App", "FOS.App\FOS.App.csproj", "{08E265B6-BA77-41F2-816C-15E06FB84366}"
EndProject
Project("{9A19103F-16F7-4668-BE54-9A1E7A4F7556}") = "FOS.Students.API", "FOS.Student.API\FOS.Students.API.csproj", "{2DBB32C6-E26E-4A48-A5EB-B70EDF878FA7}"
EndProject
Project("{9A19103F-16F7-4668-BE54-9A1E7A4F7556}") = "FOS.Doctors.API", "FOS.SuperAdmin.API\FOS.Doctors.API.csproj", "{5C11AD43-BBD9-4C74-8C96-BF4C20BD7810}"
EndProject
Global
	GlobalSection(SolutionConfigurationPlatforms) = preSolution
		Debug|Any CPU = Debug|Any CPU
		Release|Any CPU = Release|Any CPU
	EndGlobalSection
	GlobalSection(ProjectConfigurationPlatforms) = postSolution
		{5A873791-CE33-4C1A-81A5-C6EE00841B06}.Debug|Any CPU.ActiveCfg = Debug|Any CPU
		{5A873791-CE33-4C1A-81A5-C6EE00841B06}.Debug|Any CPU.Build.0 = Debug|Any CPU
		{5A873791-CE33-4C1A-81A5-C6EE00841B06}.Release|Any CPU.ActiveCfg = Release|Any CPU
		{5A873791-CE33-4C1A-81A5-C6EE00841B06}.Release|Any CPU.Build.0 = Release|Any CPU
		{6FCB8C07-0E8F-41F5-A11A-B275C002E20D}.Debug|Any CPU.ActiveCfg = Debug|Any CPU
		{6FCB8C07-0E8F-41F5-A11A-B275C002E20D}.Debug|Any CPU.Build.0 = Debug|Any CPU
		{6FCB8C07-0E8F-41F5-A11A-B275C002E20D}.Release|Any CPU.ActiveCfg = Release|Any CPU
		{6FCB8C07-0E8F-41F5-A11A-B275C002E20D}.Release|Any CPU.Build.0 = Release|Any CPU
		{08E265B6-BA77-41F2-816C-15E06FB84366}.Debug|Any CPU.ActiveCfg = Debug|Any CPU
		{08E265B6-BA77-41F2-816C-15E06FB84366}.Debug|Any CPU.Build.0 = Debug|Any CPU
		{08E265B6-BA77-41F2-816C-15E06FB84366}.Release|Any CPU.ActiveCfg = Release|Any CPU
		{08E265B6-BA77-41F2-816C-15E06FB84366}.Release|Any CPU.Build.0 = Release|Any CPU
		{2DBB32C6-E26E-4A48-A5EB-B70EDF878FA7}.Debug|Any CPU.ActiveCfg = Debug|Any CPU
		{2DBB32C6-E26E-4A48-A5EB-B70EDF878FA7}.Debug|Any CPU.Build.0 = Debug|Any CPU
		{2DBB32C6-E26E-4A48-A5EB-B70EDF878FA7}.Release|Any CPU.ActiveCfg = Release|Any CPU
		{2DBB32C6-E26E-4A48-A5EB-B70EDF878FA7}.Release|Any CPU.Build.0 = Release|Any CPU
		{5C11AD43-BBD9-4C74-8C96-BF4C20BD7810}.Debug|Any CPU.ActiveCfg = Debug|Any CPU
		{5C11AD43-BBD9-4C74-8C96-BF4C20BD7810}.Debug|Any CPU.Build.0 = Debug|Any CPU
		{5C11AD43-BBD9-4C74-8C96-BF4C20BD7810}.Release|Any CPU.ActiveCfg = Release|Any CPU
		{5C11AD43-BBD9-4C74-8C96-BF4C20BD7810}.Release|Any CPU.Build.0 = Release|Any CPU
	EndGlobalSection
	GlobalSection(SolutionProperties) = preSolution
		HideSolutionNode = FALSE
	EndGlobalSection
	GlobalSection(ExtensibilityGlobals) = postSolution
		SolutionGuid = {026A8B80-F9D4-4274-93D3-FDA7ADFCAFF9}
	EndGlobalSection
EndGlobal
